
Microsoft Visual Studio Solution File, Format Version 12.00
# Visual Studio 15
VisualStudioVersion = 15.0.28307.1622
MinimumVisualStudioVersion = 10.0.40219.1
Project("{FAE04EC0-301F-11D3-BF4B-00C04F79EFBC}") = "Asaal", "Asaal\Asaal.csproj", "{8A8640DE-1DED-4681-A1FE-B33D6943BEDD}"
EndProject
Global
	GlobalSection(SolutionConfigurationPlatforms) = preSolution
		Debug|Any CPU = Debug|Any CPU
		Release|Any CPU = Release|Any CPU
	EndGlobalSection
	GlobalSection(ProjectConfigurationPlatforms) = postSolution
		{8A8640DE-1DED-4681-A1FE-B33D6943BEDD}.Debug|Any CPU.ActiveCfg = Debug|Any CPU
		{8A8640DE-1DED-4681-A1FE-B33D6943BEDD}.Debug|Any CPU.Build.0 = Debug|Any CPU
		{8A8640DE-1DED-4681-A1FE-B33D6943BEDD}.Release|Any CPU.ActiveCfg = Release|Any CPU
		{8A8640DE-1DED-4681-A1FE-B33D6943BEDD}.Release|Any CPU.Build.0 = Release|Any CPU
	EndGlobalSection
	GlobalSection(SolutionProperties) = preSolution
		HideSolutionNode = FALSE
	EndGlobalSection
	GlobalSection(ExtensibilityGlobals) = postSolution
		SolutionGuid = {DF499E27-B9C3-458E-99ED-57EDA546FD32}
	EndGlobalSection
EndGlobal
